%{"merkle_tree": {:hex, :merkle_tree, "1.0.0", "1da28b036f7cf5e73dda8e586d9900f2436ba12fc990a3422a4e41055c987eb4", [], [], "hexpm"},
  "shorter_maps": {:hex, :shorter_maps, "2.2.4", "69b54de2f5a744964b4c1748d2d111a6fea34fa7440af03f8161be6655e703f0", [], [], "hexpm"},
  "uuid": {:hex, :uuid, "1.1.8", "e22fc04499de0de3ed1116b770c7737779f226ceefa0badb3592e64d5cfb4eb9", [], [], "hexpm"}}
